fortio.org/cli v1.10.0 h1:BsJXuBrJxBLqE+62gHSOQBRzY+EvE/sF1MnjIexUSI8=
fortio.org/cli v1.10.0/go.mod h1:DNxA/oD3cQaOtTean8Sgr78lJrwGLIs06X8U/G3va+M=
fortio.org/log v1.17.2 h1:JPX/ApDXDoGzsNtXw0AJI4ai6tl9wHp4Ch6bVs1OK0Y=
fortio.org/log v1.17.2/go.mod h1:1V7bPfFI7ZVTdtN9DnUCAN0ilEMs5VgKjHIDRO7Mjzk=
fortio.org/progressbar v0.12.0 h1:4r960Pd/5Asxvaracdh7Tw68Yi1eQKmrkkgYyKvYYQw=
fortio.org/progressbar v0.12.0/go.mod h1:YOqRraul+IPFlGh5sVw6oGNLnRhasuvRoA3wNqJvzzQ=
fortio.org/struct2env v0.4.2 h1:Xh7HlS9vf2ZdRvRfmoGIasNDO8t6z36M713utVODRCo=
fortio.org/struct2env v0.4.2/go.mod h1:lENUe70UwA1zDUCX+8AsO663QCFqYaprk5lnPhjD410=
fortio.org/testscript v0.3.2 h1:ks5V+Y6H6nmeGqnVlZuLdiFwpqXemDkEnyGgCZa/ZNA=
fortio.org/testscript v0.3.2/go.mod h1:Z2kUvEDHYETV8FLxsdA6zwSZ8sZUiTNJh2Dw5c4a3Pg=
fortio.org/version v1.0.4 h1:FWUMpJ+hVTNc4RhvvOJzb0xesrlRmG/a+D6bjbQ4+5U=
fortio.org/version v1.0.4/go.mod h1:2JQp9Ax+tm6QKiGuzR5nJY63kFeANcgrZ0osoQFDVm0=
github.com/kortschak/goroutine v1.1.2 h1:lhllcCuERxMIK5cYr8yohZZScL1na+JM5JYPRclWjck=
github.com/kortschak/goroutine v1.1.2/go.mod h1:zKpXs1FWN/6mXasDQzfl7g0LrGFIOiA6cLs9eXKyaMY=
golang.org/x/crypto/x509roots/fallback v0.0.0-20250203165127-fa5273e46196 h1:jNA5ftLV4UJrgO6aUB7Jg372YkLI5SP7iHYy3s6in7g=
golang.org/x/crypto/x509roots/fallback v0.0.0-20250203165127-fa5273e46196/go.mod h1:kNa9WdvYnzFwC79zRpLRMJbdEFlhyM5RPFBBZp/wWH8=
golang.org/x/sys v0.25.0 h1:r+8e+loiHxRqhXVl6ML1nO3l1+oFoWbnlu2Ehimmi34=
golang.org/x/sys v0.25.0/go.mod h1:/VUhepiaJMQUp4+oa/7Zr1D23ma6VTLIYjOOTFZPUcA=
golang.org/x/tools v0.24.0 h1:J1shsA93PJUEVaUSaay7UXAyE8aimq3GW0pjlolpa24=
golang.org/x/tools v0.24.0/go.mod h1:YhNqVBIfWHdzvTLs0d8LCuMhkKUgSUKldakyV7W/WDQ=
