fortio.org/cli v1.1.0 h1:ATIxi7DgA7WAexUCF8p5a0qlGYk48ZgkwSEDrvwXeN4=
fortio.org/cli v1.1.0/go.mod h1:O3nVImKwJSvHKbMYWkqMbEagAXCS1xvSv1YbHwkKJjY=
fortio.org/log v1.3.0 h1:bESPvuQGKejw7rrx41Sg3GoF+tsrB7oC08PxBs5/AM0=
fortio.org/log v1.3.0/go.mod h1:u/8/2lyczXq52aT5Nw6reD+3cR6m/EbS2jBiIYhgiTU=
fortio.org/testscript v0.1.0 h1:UY0mxYOVWX7gwxkVL2k1g8RG9nzv76N2eq9p7I3IOrU=
fortio.org/testscript v0.1.0/go.mod h1:186kIf6xPW12LeUT65zR6gjfy5J5lGZLwL9Bi5LItf4=
fortio.org/version v1.0.2 h1:8NwxdX58aoeKx7T5xAPO0xlUu1Hpk42nRz5s6e6eKZ0=
fortio.org/version v1.0.2/go.mod h1:2JQp9Ax+tm6QKiGuzR5nJY63kFeANcgrZ0osoQFDVm0=
golang.org/x/tools v0.1.12 h1:VveCTK38A2rkS8ZqFY25HIDFscX5X9OoEhJd3quQmXU=
golang.org/x/tools v0.1.12/go.mod h1:hNGJHUnrk76NpqgfD5Aqm5Crs+Hm0VOH/i9J2+nxYbc=
